
Microsoft Visual Studio Solution File, Format Version 12.00
# Visual Studio Version 17
VisualStudioVersion = 17.5.33530.505
MinimumVisualStudioVersion = 10.0.40219.1
Project("{FAE04EC0-301F-11D3-BF4B-00C04F79EFBC}") = "CompanyEmployees", "CompanyEmployees\CompanyEmployees.csproj", "{7007776B-D410-4343-A75D-ECBB631D680A}"
EndProject
Project("{FAE04EC0-301F-11D3-BF4B-00C04F79EFBC}") = "Contracts", "Contracts\Contracts.csproj", "{94782540-2927-40B6-8BA1-D5FB5A109A4D}"
EndProject
Project("{FAE04EC0-301F-11D3-BF4B-00C04F79EFBC}") = "LoggerService", "LoggerService\LoggerService.csproj", "{656A2AAB-8F45-4641-9C41-FC0DD29E6A52}"
EndProject
Project("{FAE04EC0-301F-11D3-BF4B-00C04F79EFBC}") = "Entities", "Entities\Entities.csproj", "{845B4C72-6344-4E66-A74F-C371B38C6063}"
EndProject
Project("{FAE04EC0-301F-11D3-BF4B-00C04F79EFBC}") = "Repository", "Repository\Repository.csproj", "{7FAB426D-4819-47AE-BD14-7EDE793C7E8B}"
EndProject
Project("{FAE04EC0-301F-11D3-BF4B-00C04F79EFBC}") = "Service.Contacts", "Service.Contacts\Service.Contacts.csproj", "{119EAAB0-9DB3-46E2-A194-0A655E69AB8B}"
EndProject
Project("{FAE04EC0-301F-11D3-BF4B-00C04F79EFBC}") = "Service", "Service\Service.csproj", "{ACCC8B97-68CA-4233-BBE9-8EE669CC286E}"
EndProject
Global
	GlobalSection(SolutionConfigurationPlatforms) = preSolution
		Debug|Any CPU = Debug|Any CPU
		Release|Any CPU = Release|Any CPU
	EndGlobalSection
	GlobalSection(ProjectConfigurationPlatforms) = postSolution
		{7007776B-D410-4343-A75D-ECBB631D680A}.Debug|Any CPU.ActiveCfg = Debug|Any CPU
		{7007776B-D410-4343-A75D-ECBB631D680A}.Debug|Any CPU.Build.0 = Debug|Any CPU
		{7007776B-D410-4343-A75D-ECBB631D680A}.Release|Any CPU.ActiveCfg = Release|Any CPU
		{7007776B-D410-4343-A75D-ECBB631D680A}.Release|Any CPU.Build.0 = Release|Any CPU
		{94782540-2927-40B6-8BA1-D5FB5A109A4D}.Debug|Any CPU.ActiveCfg = Debug|Any CPU
		{94782540-2927-40B6-8BA1-D5FB5A109A4D}.Debug|Any CPU.Build.0 = Debug|Any CPU
		{94782540-2927-40B6-8BA1-D5FB5A109A4D}.Release|Any CPU.ActiveCfg = Release|Any CPU
		{94782540-2927-40B6-8BA1-D5FB5A109A4D}.Release|Any CPU.Build.0 = Release|Any CPU
		{656A2AAB-8F45-4641-9C41-FC0DD29E6A52}.Debug|Any CPU.ActiveCfg = Debug|Any CPU
		{656A2AAB-8F45-4641-9C41-FC0DD29E6A52}.Debug|Any CPU.Build.0 = Debug|Any CPU
		{656A2AAB-8F45-4641-9C41-FC0DD29E6A52}.Release|Any CPU.ActiveCfg = Release|Any CPU
		{656A2AAB-8F45-4641-9C41-FC0DD29E6A52}.Release|Any CPU.Build.0 = Release|Any CPU
		{845B4C72-6344-4E66-A74F-C371B38C6063}.Debug|Any CPU.ActiveCfg = Debug|Any CPU
		{845B4C72-6344-4E66-A74F-C371B38C6063}.Debug|Any CPU.Build.0 = Debug|Any CPU
		{845B4C72-6344-4E66-A74F-C371B38C6063}.Release|Any CPU.ActiveCfg = Release|Any CPU
		{845B4C72-6344-4E66-A74F-C371B38C6063}.Release|Any CPU.Build.0 = Release|Any CPU
		{7FAB426D-4819-47AE-BD14-7EDE793C7E8B}.Debug|Any CPU.ActiveCfg = Debug|Any CPU
		{7FAB426D-4819-47AE-BD14-7EDE793C7E8B}.Debug|Any CPU.Build.0 = Debug|Any CPU
		{7FAB426D-4819-47AE-BD14-7EDE793C7E8B}.Release|Any CPU.ActiveCfg = Release|Any CPU
		{7FAB426D-4819-47AE-BD14-7EDE793C7E8B}.Release|Any CPU.Build.0 = Release|Any CPU
		{119EAAB0-9DB3-46E2-A194-0A655E69AB8B}.Debug|Any CPU.ActiveCfg = Debug|Any CPU
		{119EAAB0-9DB3-46E2-A194-0A655E69AB8B}.Debug|Any CPU.Build.0 = Debug|Any CPU
		{119EAAB0-9DB3-46E2-A194-0A655E69AB8B}.Release|Any CPU.ActiveCfg = Release|Any CPU
		{119EAAB0-9DB3-46E2-A194-0A655E69AB8B}.Release|Any CPU.Build.0 = Release|Any CPU
		{ACCC8B97-68CA-4233-BBE9-8EE669CC286E}.Debug|Any CPU.ActiveCfg = Debug|Any CPU
		{ACCC8B97-68CA-4233-BBE9-8EE669CC286E}.Debug|Any CPU.Build.0 = Debug|Any CPU
		{ACCC8B97-68CA-4233-BBE9-8EE669CC286E}.Release|Any CPU.ActiveCfg = Release|Any CPU
		{ACCC8B97-68CA-4233-BBE9-8EE669CC286E}.Release|Any CPU.Build.0 = Release|Any CPU
	EndGlobalSection
	GlobalSection(SolutionProperties) = preSolution
		HideSolutionNode = FALSE
	EndGlobalSection
	GlobalSection(ExtensibilityGlobals) = postSolution
		SolutionGuid = {549F523A-E4F3-4A4B-A01B-85733BB1EB3A}
	EndGlobalSection
EndGlobal
