
Microsoft Visual Studio Solution File, Format Version 12.00
# Visual Studio Version 17
VisualStudioVersion = 17.5.33530.505
MinimumVisualStudioVersion = 10.0.40219.1
Project("{FAE04EC0-301F-11D3-BF4B-00C04F79EFBC}") = "CompanyEmployees", "CompanyEmployees\CompanyEmployees.csproj", "{7007776B-D410-4343-A75D-ECBB631D680A}"
EndProject
Global
	GlobalSection(SolutionConfigurationPlatforms) = preSolution
		Debug|Any CPU = Debug|Any CPU
		Release|Any CPU = Release|Any CPU
	EndGlobalSection
	GlobalSection(ProjectConfigurationPlatforms) = postSolution
		{7007776B-D410-4343-A75D-ECBB631D680A}.Debug|Any CPU.ActiveCfg = Debug|Any CPU
		{7007776B-D410-4343-A75D-ECBB631D680A}.Debug|Any CPU.Build.0 = Debug|Any CPU
		{7007776B-D410-4343-A75D-ECBB631D680A}.Release|Any CPU.ActiveCfg = Release|Any CPU
		{7007776B-D410-4343-A75D-ECBB631D680A}.Release|Any CPU.Build.0 = Release|Any CPU
	EndGlobalSection
	GlobalSection(SolutionProperties) = preSolution
		HideSolutionNode = FALSE
	EndGlobalSection
	GlobalSection(ExtensibilityGlobals) = postSolution
		SolutionGuid = {549F523A-E4F3-4A4B-A01B-85733BB1EB3A}
	EndGlobalSection
EndGlobal
